{
  "name": "portfoliosite",
  "version": "1.0.0",
  "lockfileVersion": 3,
  "requires": true,
  "packages": {
    "": {
      "name": "portfoliosite",
      "version": "1.0.0",
      "dependencies": {
        "mousetrap": "^1.6.5",
        "spin.js": "^4.1.2"
      }
    },
    "node_modules/mousetrap": {
      "version": "1.6.5",
      "resolved": "https://registry.npmjs.org/mousetrap/-/mousetrap-1.6.5.tgz",
      "integrity": "sha512-QNo4kEepaIBwiT8CDhP98umTetp+JNfQYBWvC1pc6/OAibuXtRcxZ58Qz8skvEHYvURne/7R8T5VoOI7rDsEUA==",
      "license": "Apache-2.0 WITH LLVM-exception"
    },
    "node_modules/spin.js": {
      "version": "4.1.2",
      "resolved": "https://registry.npmjs.org/spin.js/-/spin.js-4.1.2.tgz",
      "integrity": "sha512-ua/yEpxEwyEUWs57tMQYdik/KJ12sQRyMXjSlK/Ai927aEUDVY3FXUi4ml4VvlLCTQNIjC6tHyjSLBrJzFAqMA==",
      "license": "MIT"
    }
  }
}
